
Microsoft Visual Studio Solution File, Format Version 12.00
# Visual Studio Version 16
VisualStudioVersion = 16.0.29020.237
MinimumVisualStudioVersion = 10.0.40219.1
Project("{FAE04EC0-301F-11D3-BF4B-00C04F79EFBC}") = "ConsoleRabbit", "ConsoleRabbit\ConsoleRabbit.csproj", "{4F058BA4-8596-4B5A-B6D2-E6CCB4983C65}"
EndProject
Global
	GlobalSection(SolutionConfigurationPlatforms) = preSolution
		Debug|Any CPU = Debug|Any CPU
		Release|Any CPU = Release|Any CPU
	EndGlobalSection
	GlobalSection(ProjectConfigurationPlatforms) = postSolution
		{4F058BA4-8596-4B5A-B6D2-E6CCB4983C65}.Debug|Any CPU.ActiveCfg = Debug|Any CPU
		{4F058BA4-8596-4B5A-B6D2-E6CCB4983C65}.Debug|Any CPU.Build.0 = Debug|Any CPU
		{4F058BA4-8596-4B5A-B6D2-E6CCB4983C65}.Release|Any CPU.ActiveCfg = Release|Any CPU
		{4F058BA4-8596-4B5A-B6D2-E6CCB4983C65}.Release|Any CPU.Build.0 = Release|Any CPU
	EndGlobalSection
	GlobalSection(SolutionProperties) = preSolution
		HideSolutionNode = FALSE
	EndGlobalSection
	GlobalSection(ExtensibilityGlobals) = postSolution
		SolutionGuid = {E09CEDEA-E2B9-41A8-A607-00C8300FC0AA}
	EndGlobalSection
EndGlobal
