
Microsoft Visual Studio Solution File, Format Version 12.00
# Visual Studio Version 16
VisualStudioVersion = 16.0.29020.237
MinimumVisualStudioVersion = 10.0.40219.1
Project("{9A19103F-16F7-4668-BE54-9A1E7A4F7556}") = "SimpleBotCore", "SimpleBotCore\SimpleBotCore.csproj", "{491D4385-6386-40FF-B244-E5C6496B241B}"
EndProject
Project("{FAE04EC0-301F-11D3-BF4B-00C04F79EFBC}") = "SimpleBotCoreMongoDB", "SimpleBotCoreMongoDB\SimpleBotCoreMongoDB.csproj", "{06060986-E0BF-4AF0-83A0-969F1BC70732}"
EndProject
Project("{FAE04EC0-301F-11D3-BF4B-00C04F79EFBC}") = "SimpleBotCoreDomain", "SimpleBotCoreDomain\SimpleBotCoreDomain.csproj", "{DCEAEFA7-AA02-40A3-BA5F-E0FF72C24552}"
EndProject
Global
	GlobalSection(SolutionConfigurationPlatforms) = preSolution
		Debug|Any CPU = Debug|Any CPU
		Release|Any CPU = Release|Any CPU
	EndGlobalSection
	GlobalSection(ProjectConfigurationPlatforms) = postSolution
		{491D4385-6386-40FF-B244-E5C6496B241B}.Debug|Any CPU.ActiveCfg = Debug|Any CPU
		{491D4385-6386-40FF-B244-E5C6496B241B}.Debug|Any CPU.Build.0 = Debug|Any CPU
		{491D4385-6386-40FF-B244-E5C6496B241B}.Release|Any CPU.ActiveCfg = Release|Any CPU
		{491D4385-6386-40FF-B244-E5C6496B241B}.Release|Any CPU.Build.0 = Release|Any CPU
		{06060986-E0BF-4AF0-83A0-969F1BC70732}.Debug|Any CPU.ActiveCfg = Debug|Any CPU
		{06060986-E0BF-4AF0-83A0-969F1BC70732}.Debug|Any CPU.Build.0 = Debug|Any CPU
		{06060986-E0BF-4AF0-83A0-969F1BC70732}.Release|Any CPU.ActiveCfg = Release|Any CPU
		{06060986-E0BF-4AF0-83A0-969F1BC70732}.Release|Any CPU.Build.0 = Release|Any CPU
		{DCEAEFA7-AA02-40A3-BA5F-E0FF72C24552}.Debug|Any CPU.ActiveCfg = Debug|Any CPU
		{DCEAEFA7-AA02-40A3-BA5F-E0FF72C24552}.Debug|Any CPU.Build.0 = Debug|Any CPU
		{DCEAEFA7-AA02-40A3-BA5F-E0FF72C24552}.Release|Any CPU.ActiveCfg = Release|Any CPU
		{DCEAEFA7-AA02-40A3-BA5F-E0FF72C24552}.Release|Any CPU.Build.0 = Release|Any CPU
	EndGlobalSection
	GlobalSection(SolutionProperties) = preSolution
		HideSolutionNode = FALSE
	EndGlobalSection
	GlobalSection(ExtensibilityGlobals) = postSolution
		SolutionGuid = {10E04C84-4AFD-4C24-9650-6976DCF62478}
	EndGlobalSection
EndGlobal
